// !$*UTF8*$!
{
	archiveVersion = 1;
	classes = {
	};
	objectVersion = 46;
	objects = {

/* Begin PBXBuildFile section */
		E340A7FC1AA0758F0020CD33 /* AppDelegate.swift in Sources */ = {isa = PBXBuildFile; fileRef = E340A7FB1AA0758F0020CD33 /* AppDelegate.swift */; };
		E340A7FF1AA0758F0020CD33 /* EigenesMenu.xcdatamodeld in Sources */ = {isa = PBXBuildFile; fileRef = E340A7FD1AA0758F0020CD33 /* EigenesMenu.xcdatamodeld */; };
		E340A8011AA0758F0020CD33 /* ViewController.swift in Sources */ = {isa = PBXBuildFile; fileRef = E340A8001AA0758F0020CD33 /* ViewController.swift */; };
		E340A8041AA0758F0020CD33 /* Main.storyboard in Resources */ = {isa = PBXBuildFile; fileRef = E340A8021AA0758F0020CD33 /* Main.storyboard */; };
		E340A8061AA0758F0020CD33 /* Images.xcassets in Resources */ = {isa = PBXBuildFile; fileRef = E340A8051AA0758F0020CD33 /* Images.xcassets */; };
		E340A8091AA075900020CD33 /* LaunchScreen.xib in Resources */ = {isa = PBXBuildFile; fileRef = E340A8071AA075900020CD33 /* LaunchScreen.xib */; };
		E340A8151AA075900020CD33 /* EigenesMenuTests.swift in Sources */ = {isa = PBXBuildFile; fileRef = E340A8141AA075900020CD33 /* EigenesMenuTests.swift */; };
		E340A81F1AA075AF0020CD33 /* MenuView.swift in Sources */ = {isa = PBXBuildFile; fileRef = E340A81E1AA075AF0020CD33 /* MenuView.swift */; };
		E340A8211AA075BF0020CD33 /* MenuView.xib in Resources */ = {isa = PBXBuildFile; fileRef = E340A8201AA075BF0020CD33 /* MenuView.xib */; };
/* End PBXBuildFile section */

/* Begin PBXContainerItemProxy section */
		E340A80F1AA075900020CD33 /* PBXContainerItemProxy */ = {
			isa = PBXContainerItemProxy;
			containerPortal = E340A7EE1AA0758F0020CD33 /* Project object */;
			proxyType = 1;
			remoteGlobalIDString = E340A7F51AA0758F0020CD33;
			remoteInfo = EigenesMenu;
		};
/* End PBXContainerItemProxy section */

/* Begin PBXFileReference section */
		E340A7F61AA0758F0020CD33 /* EigenesMenu.app */ = {isa = PBXFileReference; explicitFileType = wrapper.application; includeInIndex = 0; path = EigenesMenu.app; sourceTree = BUILT_PRODUCTS_DIR; };
		E340A7FA1AA0758F0020CD33 /* Info.plist */ = {isa = PBXFileReference; lastKnownFileType = text.plist.xml; path = Info.plist; sourceTree = "<group>"; };
		E340A7FB1AA0758F0020CD33 /* AppDelegate.swift */ = {isa = PBXFileReference; lastKnownFileType = sourcecode.swift; path = AppDelegate.swift; sourceTree = "<group>"; };
		E340A7FE1AA0758F0020CD33 /* EigenesMenu.xcdatamodel */ = {isa = PBXFileReference; lastKnownFileType = wrapper.xcdatamodel; path = EigenesMenu.xcdatamodel; sourceTree = "<group>"; };
		E340A8001AA0758F0020CD33 /* ViewController.swift */ = {isa = PBXFileReference; lastKnownFileType = sourcecode.swift; path = ViewController.swift; sourceTree = "<group>"; };
		E340A8031AA0758F0020CD33 /* Base */ = {isa = PBXFileReference; lastKnownFileType = file.storyboard; name = Base; path = Base.lproj/Main.storyboard; sourceTree = "<group>"; };
		E340A8051AA0758F0020CD33 /* Images.xcassets */ = {isa = PBXFileReference; lastKnownFileType = folder.assetcatalog; path = Images.xcassets; sourceTree = "<group>"; };
		E340A8081AA075900020CD33 /* Base */ = {isa = PBXFileReference; lastKnownFileType = file.xib; name = Base; path = Base.lproj/LaunchScreen.xib; sourceTree = "<group>"; };
		E340A80E1AA075900020CD33 /* EigenesMenuTests.xctest */ = {isa = PBXFileReference; explicitFileType = wrapper.cfbundle; includeInIndex = 0; path = EigenesMenuTests.xctest; sourceTree = BUILT_PRODUCTS_DIR; };
		E340A8131AA075900020CD33 /* Info.plist */ = {isa = PBXFileReference; lastKnownFileType = text.plist.xml; path = Info.plist; sourceTree = "<group>"; };
		E340A8141AA075900020CD33 /* EigenesMenuTests.swift */ = {isa = PBXFileReference; lastKnownFileType = sourcecode.swift; path = EigenesMenuTests.swift; sourceTree = "<group>"; };
		E340A81E1AA075AF0020CD33 /* MenuView.swift */ = {isa = PBXFileReference; fileEncoding = 4; lastKnownFileType = sourcecode.swift; path = MenuView.swift; sourceTree = "<group>"; };
		E340A8201AA075BF0020CD33 /* MenuView.xib */ = {isa = PBXFileReference; fileEncoding = 4; lastKnownFileType = file.xib; path = MenuView.xib; sourceTree = "<group>"; };
/* End PBXFileReference section */

/* Begin PBXFrameworksBuildPhase section */
		E340A7F31AA0758F0020CD33 /* Frameworks */ = {
			isa = PBXFrameworksBuildPhase;
			buildActionMask = 2147483647;
			files = (
			);
			runOnlyForDeploymentPostprocessing = 0;
		};
		E340A80B1AA075900020CD33 /* Frameworks */ = {
			isa = PBXFrameworksBuildPhase;
			buildActionMask = 2147483647;
			files = (
			);
			runOnlyForDeploymentPostprocessing = 0;
		};
/* End PBXFrameworksBuildPhase section */

/* Begin PBXGroup section */
		E340A7ED1AA0758F0020CD33 = {
			isa = PBXGroup;
			children = (
				E340A7F81AA0758F0020CD33 /* EigenesMenu */,
				E340A8111AA075900020CD33 /* EigenesMenuTests */,
				E340A7F71AA0758F0020CD33 /* Products */,
			);
			sourceTree = "<group>";
		};
		E340A7F71AA0758F0020CD33 /* Products */ = {
			isa = PBXGroup;
			children = (
				E340A7F61AA0758F0020CD33 /* EigenesMenu.app */,
				E340A80E1AA075900020CD33 /* EigenesMenuTests.xctest */,
			);
			name = Products;
			sourceTree = "<group>";
		};
		E340A7F81AA0758F0020CD33 /* EigenesMenu */ = {
			isa = PBXGroup;
			children = (
				E340A7FB1AA0758F0020CD33 /* AppDelegate.swift */,
				E340A8001AA0758F0020CD33 /* ViewController.swift */,
				E340A8021AA0758F0020CD33 /* Main.storyboard */,
				E340A81E1AA075AF0020CD33 /* MenuView.swift */,
				E340A8201AA075BF0020CD33 /* MenuView.xib */,
				E340A8051AA0758F0020CD33 /* Images.xcassets */,
				E340A8071AA075900020CD33 /* LaunchScreen.xib */,
				E340A7FD1AA0758F0020CD33 /* EigenesMenu.xcdatamodeld */,
				E340A7F91AA0758F0020CD33 /* Supporting Files */,
			);
			path = EigenesMenu;
			sourceTree = "<group>";
		};
		E340A7F91AA0758F0020CD33 /* Supporting Files */ = {
			isa = PBXGroup;
			children = (
				E340A7FA1AA0758F0020CD33 /* Info.plist */,
			);
			name = "Supporting Files";
			sourceTree = "<group>";
		};
		E340A8111AA075900020CD33 /* EigenesMenuTests */ = {
			isa = PBXGroup;
			children = (
				E340A8141AA075900020CD33 /* EigenesMenuTests.swift */,
				E340A8121AA075900020CD33 /* Supporting Files */,
			);
			path = EigenesMenuTests;
			sourceTree = "<group>";
		};
		E340A8121AA075900020CD33 /* Supporting Files */ = {
			isa = PBXGroup;
			children = (
				E340A8131AA075900020CD33 /* Info.plist */,
			);
			name = "Supporting Files";
			sourceTree = "<group>";
		};
/* End PBXGroup section */

/* Begin PBXNativeTarget section */
		E340A7F51AA0758F0020CD33 /* EigenesMenu */ = {
			isa = PBXNativeTarget;
			buildConfigurationList = E340A8181AA075900020CD33 /* Build configuration list for PBXNativeTarget "EigenesMenu" */;
			buildPhases = (
				E340A7F21AA0758F0020CD33 /* Sources */,
				E340A7F31AA0758F0020CD33 /* Frameworks */,
				E340A7F41AA0758F0020CD33 /* Resources */,
			);
			buildRules = (
			);
			dependencies = (
			);
			name = EigenesMenu;
			productName = EigenesMenu;
			productReference = E340A7F61AA0758F0020CD33 /* EigenesMenu.app */;
			productType = "com.apple.product-type.application";
		};
		E340A80D1AA075900020CD33 /* EigenesMenuTests */ = {
			isa = PBXNativeTarget;
			buildConfigurationList = E340A81B1AA075900020CD33 /* Build configuration list for PBXNativeTarget "EigenesMenuTests" */;
			buildPhases = (
				E340A80A1AA075900020CD33 /* Sources */,
				E340A80B1AA075900020CD33 /* Frameworks */,
				E340A80C1AA075900020CD33 /* Resources */,
			);
			buildRules = (
			);
			dependencies = (
				E340A8101AA075900020CD33 /* PBXTargetDependency */,
			);
			name = EigenesMenuTests;
			productName = EigenesMenuTests;
			productReference = E340A80E1AA075900020CD33 /* EigenesMenuTests.xctest */;
			productType = "com.apple.product-type.bundle.unit-test";
		};
/* End PBXNativeTarget section */

/* Begin PBXProject section */
		E340A7EE1AA0758F0020CD33 /* Project object */ = {
			isa = PBXProject;
			attributes = {
				LastUpgradeCheck = 0610;
				ORGANIZATIONNAME = benchr;
				TargetAttributes = {
					E340A7F51AA0758F0020CD33 = {
						CreatedOnToolsVersion = 6.1.1;
					};
					E340A80D1AA075900020CD33 = {
						CreatedOnToolsVersion = 6.1.1;
						TestTargetID = E340A7F51AA0758F0020CD33;
					};
				};
			};
			buildConfigurationList = E340A7F11AA0758F0020CD33 /* Build configuration list for PBXProject "EigenesMenu" */;
			compatibilityVersion = "Xcode 3.2";
			developmentRegion = English;
			hasScannedForEncodings = 0;
			knownRegions = (
				en,
				Base,
			);
			mainGroup = E340A7ED1AA0758F0020CD33;
			productRefGroup = E340A7F71AA0758F0020CD33 /* Products */;
			projectDirPath = "";
			projectRoot = "";
			targets = (
				E340A7F51AA0758F0020CD33 /* EigenesMenu */,
				E340A80D1AA075900020CD33 /* EigenesMenuTests */,
			);
		};
/* End PBXProject section */

/* Begin PBXResourcesBuildPhase section */
		E340A7F41AA0758F0020CD33 /* Resources */ = {
			isa = PBXResourcesBuildPhase;
			buildActionMask = 2147483647;
			files = (
				E340A8041AA0758F0020CD33 /* Main.storyboard in Resources */,
				E340A8211AA075BF0020CD33 /* MenuView.xib in Resources */,
				E340A8091AA075900020CD33 /* LaunchScreen.xib in Resources */,
				E340A8061AA0758F0020CD33 /* Images.xcassets in Resources */,
			);
			runOnlyForDeploymentPostprocessing = 0;
		};
		E340A80C1AA075900020CD33 /* Resources */ = {
			isa = PBXResourcesBuildPhase;
			buildActionMask = 2147483647;
			files = (
			);
			runOnlyForDeploymentPostprocessing = 0;
		};
/* End PBXResourcesBuildPhase section */

/* Begin PBXSourcesBuildPhase section */
		E340A7F21AA0758F0020CD33 /* Sources */ = {
			isa = PBXSourcesBuildPhase;
			buildActionMask = 2147483647;
			files = (
				E340A8011AA0758F0020CD33 /* ViewController.swift in Sources */,
				E340A81F1AA075AF0020CD33 /* MenuView.swift in Sources */,
				E340A7FC1AA0758F0020CD33 /* AppDelegate.swift in Sources */,
				E340A7FF1AA0758F0020CD33 /* EigenesMenu.xcdatamodeld in Sources */,
			);
			runOnlyForDeploymentPostprocessing = 0;
		};
		E340A80A1AA075900020CD33 /* Sources */ = {
			isa = PBXSourcesBuildPhase;
			buildActionMask = 2147483647;
			files = (
				E340A8151AA075900020CD33 /* EigenesMenuTests.swift in Sources */,
			);
			runOnlyForDeploymentPostprocessing = 0;
		};
/* End PBXSourcesBuildPhase section */

/* Begin PBXTargetDependency section */
		E340A8101AA075900020CD33 /* PBXTargetDependency */ = {
			isa = PBXTargetDependency;
			target = E340A7F51AA0758F0020CD33 /* EigenesMenu */;
			targetProxy = E340A80F1AA075900020CD33 /* PBXContainerItemProxy */;
		};
/* End PBXTargetDependency section */

/* Begin PBXVariantGroup section */
		E340A8021AA0758F0020CD33 /* Main.storyboard */ = {
			isa = PBXVariantGroup;
			children = (
				E340A8031AA0758F0020CD33 /* Base */,
			);
			name = Main.storyboard;
			sourceTree = "<group>";
		};
		E340A8071AA075900020CD33 /* LaunchScreen.xib */ = {
			isa = PBXVariantGroup;
			children = (
				E340A8081AA075900020CD33 /* Base */,
			);
			name = LaunchScreen.xib;
			sourceTree = "<group>";
		};
/* End PBXVariantGroup section */

/* Begin XCBuildConfiguration section */
		E340A8161AA075900020CD33 /* Debug */ = {
			isa = XCBuildConfiguration;
			buildSettings = {
				ALWAYS_SEARCH_USER_PATHS = NO;
				CLANG_CXX_LANGUAGE_STANDARD = "gnu++0x";
				CLANG_CXX_LIBRARY = "libc++";
				CLANG_ENABLE_MODULES = YES;
				CLANG_ENABLE_OBJC_ARC = YES;
				CLANG_WARN_BOOL_CONVERSION = YES;
				CLANG_WARN_CONSTANT_CONVERSION = YES;
				CLANG_WARN_DIRECT_OBJC_ISA_USAGE = YES_ERROR;
				CLANG_WARN_EMPTY_BODY = YES;
				CLANG_WARN_ENUM_CONVERSION = YES;
				CLANG_WARN_INT_CONVERSION = YES;
				CLANG_WARN_OBJC_ROOT_CLASS = YES_ERROR;
				CLANG_WARN_UNREACHABLE_CODE = YES;
				CLANG_WARN__DUPLICATE_METHOD_MATCH = YES;
				"CODE_SIGN_IDENTITY[sdk=iphoneos*]" = "iPhone Developer";
				COPY_PHASE_STRIP = NO;
				ENABLE_STRICT_OBJC_MSGSEND = YES;
				GCC_C_LANGUAGE_STANDARD = gnu99;
				GCC_DYNAMIC_NO_PIC = NO;
				GCC_OPTIMIZATION_LEVEL = 0;
				GCC_PREPROCESSOR_DEFINITIONS = (
					"DEBUG=1",
					"$(inherited)",
				);
				GCC_SYMBOLS_PRIVATE_EXTERN = NO;
				GCC_WARN_64_TO_32_BIT_CONVERSION = YES;
				GCC_WARN_ABOUT_RETURN_TYPE = YES_ERROR;
				GCC_WARN_UNDECLARED_SELECTOR = YES;
				GCC_WARN_UNINITIALIZED_AUTOS = YES_AGGRESSIVE;
				GCC_WARN_UNUSED_FUNCTION = YES;
				GCC_WARN_UNUSED_VARIABLE = YES;
				IPHONEOS_DEPLOYMENT_TARGET = 8.1;
				MTL_ENABLE_DEBUG_INFO = YES;
				ONLY_ACTIVE_ARCH = YES;
				SDKROOT = iphoneos;
				SWIFT_OPTIMIZATION_LEVEL = "-Onone";
				TARGETED_DEVICE_FAMILY = "1,2";
			};
			name = Debug;
		};
		E340A8171AA075900020CD33 /* Release */ = {
			isa = XCBuildConfiguration;
			buildSettings = {
				ALWAYS_SEARCH_USER_PATHS = NO;
				CLANG_CXX_LANGUAGE_STANDARD = "gnu++0x";
				CLANG_CXX_LIBRARY = "libc++";
				CLANG_ENABLE_MODULES = YES;
				CLANG_ENABLE_OBJC_ARC = YES;
				CLANG_WARN_BOOL_CONVERSION = YES;
				CLANG_WARN_CONSTANT_CONVERSION = YES;
				CLANG_WARN_DIRECT_OBJC_ISA_USAGE = YES_ERROR;
				CLANG_WARN_EMPTY_BODY = YES;
				CLANG_WARN_ENUM_CONVERSION = YES;
				CLANG_WARN_INT_CONVERSION = YES;
				CLANG_WARN_OBJC_ROOT_CLASS = YES_ERROR;
				CLANG_WARN_UNREACHABLE_CODE = YES;
				CLANG_WARN__DUPLICATE_METHOD_MATCH = YES;
				"CODE_SIGN_IDENTITY[sdk=iphoneos*]" = "iPhone Developer";
				COPY_PHASE_STRIP = YES;
				ENABLE_NS_ASSERTIONS = NO;
				ENABLE_STRICT_OBJC_MSGSEND = YES;
				GCC_C_LANGUAGE_STANDARD = gnu99;
				GCC_WARN_64_TO_32_BIT_CONVERSION = YES;
				GCC_WARN_ABOUT_RETURN_TYPE = YES_ERROR;
				GCC_WARN_UNDECLARED_SELECTOR = YES;
				GCC_WARN_UNINITIALIZED_AUTOS = YES_AGGRESSIVE;
				GCC_WARN_UNUSED_FUNCTION = YES;
				GCC_WARN_UNUSED_VARIABLE = YES;
				IPHONEOS_DEPLOYMENT_TARGET = 8.1;
				MTL_ENABLE_DEBUG_INFO = NO;
				SDKROOT = iphoneos;
				TARGETED_DEVICE_FAMILY = "1,2";
				VALIDATE_PRODUCT = YES;
			};
			name = Release;
		};
		E340A8191AA075900020CD33 /* Debug */ = {
			isa = XCBuildConfiguration;
			buildSettings = {
				ASSETCATALOG_COMPILER_APPICON_NAME = AppIcon;
				INFOPLIST_FILE = EigenesMenu/Info.plist;
				LD_RUNPATH_SEARCH_PATHS = "$(inherited) @executable_path/Frameworks";
				PRODUCT_NAME = "$(TARGET_NAME)";
			};
			name = Debug;
		};
		E340A81A1AA075900020CD33 /* Release */ = {
			isa = XCBuildConfiguration;
			buildSettings = {
				ASSETCATALOG_COMPILER_APPICON_NAME = AppIcon;
				INFOPLIST_FILE = EigenesMenu/Info.plist;
				LD_RUNPATH_SEARCH_PATHS = "$(inherited) @executable_path/Frameworks";
				PRODUCT_NAME = "$(TARGET_NAME)";
			};
			name = Release;
		};
		E340A81C1AA075900020CD33 /* Debug */ = {
			isa = XCBuildConfiguration;
			buildSettings = {
				BUNDLE_LOADER = "$(TEST_HOST)";
				FRAMEWORK_SEARCH_PATHS = (
					"$(SDKROOT)/Developer/Library/Frameworks",
					"$(inherited)",
				);
				GCC_PREPROCESSOR_DEFINITIONS = (
					"DEBUG=1",
					"$(inherited)",
				);
				INFOPLIST_FILE = EigenesMenuTests/Info.plist;
				LD_RUNPATH_SEARCH_PATHS = "$(inherited) @executable_path/Frameworks @loader_path/Frameworks";
				PRODUCT_NAME = "$(TARGET_NAME)";
				TEST_HOST = "$(BUILT_PRODUCTS_DIR)/EigenesMenu.app/EigenesMenu";
			};
			name = Debug;
		};
		E340A81D1AA075900020CD33 /* Release */ = {
			isa = XCBuildConfiguration;
			buildSettings = {
				BUNDLE_LOADER = "$(TEST_HOST)";
				FRAMEWORK_SEARCH_PATHS = (
					"$(SDKROOT)/Developer/Library/Frameworks",
					"$(inherited)",
				);
				INFOPLIST_FILE = EigenesMenuTests/Info.plist;
				LD_RUNPATH_SEARCH_PATHS = "$(inherited) @executable_path/Frameworks @loader_path/Frameworks";
				PRODUCT_NAME = "$(TARGET_NAME)";
				TEST_HOST = "$(BUILT_PRODUCTS_DIR)/EigenesMenu.app/EigenesMenu";
			};
			name = Release;
		};
/* End XCBuildConfiguration section */

/* Begin XCConfigurationList section */
		E340A7F11AA0758F0020CD33 /* Build configuration list for PBXProject "EigenesMenu" */ = {
			isa = XCConfigurationList;
			buildConfigurations = (
				E340A8161AA075900020CD33 /* Debug */,
				E340A8171AA075900020CD33 /* Release */,
			);
			defaultConfigurationIsVisible = 0;
			defaultConfigurationName = Release;
		};
		E340A8181AA075900020CD33 /* Build configuration list for PBXNativeTarget "EigenesMenu" */ = {
			isa = XCConfigurationList;
			buildConfigurations = (
				E340A8191AA075900020CD33 /* Debug */,
				E340A81A1AA075900020CD33 /* Release */,
			);
			defaultConfigurationIsVisible = 0;
		};
		E340A81B1AA075900020CD33 /* Build configuration list for PBXNativeTarget "EigenesMenuTests" */ = {
			isa = XCConfigurationList;
			buildConfigurations = (
				E340A81C1AA075900020CD33 /* Debug */,
				E340A81D1AA075900020CD33 /* Release */,
			);
			defaultConfigurationIsVisible = 0;
		};
/* End XCConfigurationList section */

/* Begin XCVersionGroup section */
		E340A7FD1AA0758F0020CD33 /* EigenesMenu.xcdatamodeld */ = {
			isa = XCVersionGroup;
			children = (
				E340A7FE1AA0758F0020CD33 /* EigenesMenu.xcdatamodel */,
			);
			currentVersion = E340A7FE1AA0758F0020CD33 /* EigenesMenu.xcdatamodel */;
			path = EigenesMenu.xcdatamodeld;
			sourceTree = "<group>";
			versionGroupType = wrapper.xcdatamodel;
		};
/* End XCVersionGroup section */
	};
	rootObject = E340A7EE1AA0758F0020CD33 /* Project object */;
}
